
Microsoft Visual Studio Solution File, Format Version 12.00
# Visual Studio 15
VisualStudioVersion = 15.0.27703.2042
MinimumVisualStudioVersion = 10.0.40219.1
Project("{8BC9CEB8-8B4A-11D0-8D11-00A0C91BC942}") = "Invetory2", "Invetory2\Invetory2.vcxproj", "{ED78B4F1-624C-41B5-82C8-561175BED979}"
EndProject
Global
	GlobalSection(SolutionConfigurationPlatforms) = preSolution
		Debug|x64 = Debug|x64
		Debug|x86 = Debug|x86
		Release|x64 = Release|x64
		Release|x86 = Release|x86
	EndGlobalSection
	GlobalSection(ProjectConfigurationPlatforms) = postSolution
		{ED78B4F1-624C-41B5-82C8-561175BED979}.Debug|x64.ActiveCfg = Debug|x64
		{ED78B4F1-624C-41B5-82C8-561175BED979}.Debug|x64.Build.0 = Debug|x64
		{ED78B4F1-624C-41B5-82C8-561175BED979}.Debug|x86.ActiveCfg = Debug|Win32
		{ED78B4F1-624C-41B5-82C8-561175BED979}.Debug|x86.Build.0 = Debug|Win32
		{ED78B4F1-624C-41B5-82C8-561175BED979}.Release|x64.ActiveCfg = Release|x64
		{ED78B4F1-624C-41B5-82C8-561175BED979}.Release|x64.Build.0 = Release|x64
		{ED78B4F1-624C-41B5-82C8-561175BED979}.Release|x86.ActiveCfg = Release|Win32
		{ED78B4F1-624C-41B5-82C8-561175BED979}.Release|x86.Build.0 = Release|Win32
	EndGlobalSection
	GlobalSection(SolutionProperties) = preSolution
		HideSolutionNode = FALSE
	EndGlobalSection
	GlobalSection(ExtensibilityGlobals) = postSolution
		SolutionGuid = {50968227-D023-4845-ACA1-8493D57D7C5F}
	EndGlobalSection
EndGlobal
